
Microsoft Visual Studio Solution File, Format Version 12.00
# Visual Studio Version 17
VisualStudioVersion = 17.10.35013.160
MinimumVisualStudioVersion = 10.0.40219.1
Project("{778DAE3C-4631-46EA-AA77-85C1314464D9}") = "hpc", "hpc\hpc.vbproj", "{2304C92F-4A85-497A-A992-D0C1DF94B9E9}"
EndProject
Project("{2150E333-8FDC-42A3-9474-1A3956D46DE8}") = "framework", "framework", "{92B24BDC-F879-4F1F-84EC-EF240E263BC2}"
EndProject
Project("{778DAE3C-4631-46EA-AA77-85C1314464D9}") = "Core", "..\..\..\..\..\GCModeller\src\runtime\sciBASIC#\Microsoft.VisualBasic.Core\src\Core.vbproj", "{3B35B5F3-0292-4FBE-B8A1-231FC4DB8F59}"
EndProject
Project("{778DAE3C-4631-46EA-AA77-85C1314464D9}") = "networking", "..\..\..\..\..\GCModeller\src\runtime\Darwinism\src\networking\networking.vbproj", "{A62FF9B8-3FFD-4100-BA7C-046CDE3F9D54}"
EndProject
Project("{778DAE3C-4631-46EA-AA77-85C1314464D9}") = "parallel-netcore5", "..\..\..\..\..\GCModeller\src\runtime\Darwinism\src\computing\Parallel\parallel-netcore5.vbproj", "{576D8244-1D72-495C-9853-B5EF6283F522}"
EndProject
Project("{778DAE3C-4631-46EA-AA77-85C1314464D9}") = "JSON-netcore5", "..\..\..\..\..\GCModeller\src\runtime\sciBASIC#\mime\application%json\JSON-netcore5.vbproj", "{62972FFF-D233-4808-8802-160595267DFD}"
EndProject
Project("{778DAE3C-4631-46EA-AA77-85C1314464D9}") = "binarydata-netcore5", "..\..\..\..\..\GCModeller\src\runtime\sciBASIC#\Data\BinaryData\BinaryData\binarydata-netcore5.vbproj", "{80340E65-3017-4820-A55F-7A5F6C6D176C}"
EndProject
Project("{778DAE3C-4631-46EA-AA77-85C1314464D9}") = "msgpack-netcore5", "..\..\..\..\..\GCModeller\src\runtime\sciBASIC#\Data\BinaryData\msgpack\msgpack-netcore5.vbproj", "{C337988A-4DDA-4657-BA58-D2ABEF7649B9}"
EndProject
Project("{2150E333-8FDC-42A3-9474-1A3956D46DE8}") = "cache", "cache", "{B1B4BD64-A334-44E2-A761-CA506FAC85E6}"
EndProject
Project("{2150E333-8FDC-42A3-9474-1A3956D46DE8}") = "parallel", "parallel", "{90952430-781B-407A-8973-FB5933642144}"
EndProject
Global
	GlobalSection(SolutionConfigurationPlatforms) = preSolution
		CFD_win32|Any CPU = CFD_win32|Any CPU
		CFD_win32|x64 = CFD_win32|x64
		CFD_win32|x86 = CFD_win32|x86
		Debug|Any CPU = Debug|Any CPU
		Debug|x64 = Debug|x64
		Debug|x86 = Debug|x86
		Docker|Any CPU = Docker|Any CPU
		Docker|x64 = Docker|x64
		Docker|x86 = Docker|x86
		gcmodeller_desktop|Any CPU = gcmodeller_desktop|Any CPU
		gcmodeller_desktop|x64 = gcmodeller_desktop|x64
		gcmodeller_desktop|x86 = gcmodeller_desktop|x86
		LipidSearch|Any CPU = LipidSearch|Any CPU
		LipidSearch|x64 = LipidSearch|x64
		LipidSearch|x86 = LipidSearch|x86
		mzkit_win32|Any CPU = mzkit_win32|Any CPU
		mzkit_win32|x64 = mzkit_win32|x64
		mzkit_win32|x86 = mzkit_win32|x86
		mzkit|Any CPU = mzkit|Any CPU
		mzkit|x64 = mzkit|x64
		mzkit|x86 = mzkit|x86
		NPSearch|Any CPU = NPSearch|Any CPU
		NPSearch|x64 = NPSearch|x64
		NPSearch|x86 = NPSearch|x86
		nuget_release|Any CPU = nuget_release|Any CPU
		nuget_release|x64 = nuget_release|x64
		nuget_release|x86 = nuget_release|x86
		PlantMAT|Any CPU = PlantMAT|Any CPU
		PlantMAT|x64 = PlantMAT|x64
		PlantMAT|x86 = PlantMAT|x86
		Release|Any CPU = Release|Any CPU
		Release|x64 = Release|x64
		Release|x86 = Release|x86
		Rsharp_app_release|Any CPU = Rsharp_app_release|Any CPU
		Rsharp_app_release|x64 = Rsharp_app_release|x64
		Rsharp_app_release|x86 = Rsharp_app_release|x86
	EndGlobalSection
	GlobalSection(ProjectConfigurationPlatforms) = postSolution
		{2304C92F-4A85-497A-A992-D0C1DF94B9E9}.CFD_win32|Any CPU.ActiveCfg = Debug|Any CPU
		{2304C92F-4A85-497A-A992-D0C1DF94B9E9}.CFD_win32|Any CPU.Build.0 = Debug|Any CPU
		{2304C92F-4A85-497A-A992-D0C1DF94B9E9}.CFD_win32|x64.ActiveCfg = Debug|Any CPU
		{2304C92F-4A85-497A-A992-D0C1DF94B9E9}.CFD_win32|x64.Build.0 = Debug|Any CPU
		{2304C92F-4A85-497A-A992-D0C1DF94B9E9}.CFD_win32|x86.ActiveCfg = Debug|Any CPU
		{2304C92F-4A85-497A-A992-D0C1DF94B9E9}.CFD_win32|x86.Build.0 = Debug|Any CPU
		{2304C92F-4A85-497A-A992-D0C1DF94B9E9}.Debug|Any CPU.ActiveCfg = Debug|Any CPU
		{2304C92F-4A85-497A-A992-D0C1DF94B9E9}.Debug|Any CPU.Build.0 = Debug|Any CPU
		{2304C92F-4A85-497A-A992-D0C1DF94B9E9}.Debug|x64.ActiveCfg = Debug|Any CPU
		{2304C92F-4A85-497A-A992-D0C1DF94B9E9}.Debug|x64.Build.0 = Debug|Any CPU
		{2304C92F-4A85-497A-A992-D0C1DF94B9E9}.Debug|x86.ActiveCfg = Debug|Any CPU
		{2304C92F-4A85-497A-A992-D0C1DF94B9E9}.Debug|x86.Build.0 = Debug|Any CPU
		{2304C92F-4A85-497A-A992-D0C1DF94B9E9}.Docker|Any CPU.ActiveCfg = Debug|Any CPU
		{2304C92F-4A85-497A-A992-D0C1DF94B9E9}.Docker|Any CPU.Build.0 = Debug|Any CPU
		{2304C92F-4A85-497A-A992-D0C1DF94B9E9}.Docker|x64.ActiveCfg = Debug|Any CPU
		{2304C92F-4A85-497A-A992-D0C1DF94B9E9}.Docker|x64.Build.0 = Debug|Any CPU
		{2304C92F-4A85-497A-A992-D0C1DF94B9E9}.Docker|x86.ActiveCfg = Debug|Any CPU
		{2304C92F-4A85-497A-A992-D0C1DF94B9E9}.Docker|x86.Build.0 = Debug|Any CPU
		{2304C92F-4A85-497A-A992-D0C1DF94B9E9}.gcmodeller_desktop|Any CPU.ActiveCfg = Debug|Any CPU
		{2304C92F-4A85-497A-A992-D0C1DF94B9E9}.gcmodeller_desktop|Any CPU.Build.0 = Debug|Any CPU
		{2304C92F-4A85-497A-A992-D0C1DF94B9E9}.gcmodeller_desktop|x64.ActiveCfg = Debug|Any CPU
		{2304C92F-4A85-497A-A992-D0C1DF94B9E9}.gcmodeller_desktop|x64.Build.0 = Debug|Any CPU
		{2304C92F-4A85-497A-A992-D0C1DF94B9E9}.gcmodeller_desktop|x86.ActiveCfg = Debug|Any CPU
		{2304C92F-4A85-497A-A992-D0C1DF94B9E9}.gcmodeller_desktop|x86.Build.0 = Debug|Any CPU
		{2304C92F-4A85-497A-A992-D0C1DF94B9E9}.LipidSearch|Any CPU.ActiveCfg = Debug|Any CPU
		{2304C92F-4A85-497A-A992-D0C1DF94B9E9}.LipidSearch|Any CPU.Build.0 = Debug|Any CPU
		{2304C92F-4A85-497A-A992-D0C1DF94B9E9}.LipidSearch|x64.ActiveCfg = Debug|Any CPU
		{2304C92F-4A85-497A-A992-D0C1DF94B9E9}.LipidSearch|x64.Build.0 = Debug|Any CPU
		{2304C92F-4A85-497A-A992-D0C1DF94B9E9}.LipidSearch|x86.ActiveCfg = Debug|Any CPU
		{2304C92F-4A85-497A-A992-D0C1DF94B9E9}.LipidSearch|x86.Build.0 = Debug|Any CPU
		{2304C92F-4A85-497A-A992-D0C1DF94B9E9}.mzkit_win32|Any CPU.ActiveCfg = Debug|Any CPU
		{2304C92F-4A85-497A-A992-D0C1DF94B9E9}.mzkit_win32|Any CPU.Build.0 = Debug|Any CPU
		{2304C92F-4A85-497A-A992-D0C1DF94B9E9}.mzkit_win32|x64.ActiveCfg = Debug|Any CPU
		{2304C92F-4A85-497A-A992-D0C1DF94B9E9}.mzkit_win32|x64.Build.0 = Debug|Any CPU
		{2304C92F-4A85-497A-A992-D0C1DF94B9E9}.mzkit_win32|x86.ActiveCfg = Debug|Any CPU
		{2304C92F-4A85-497A-A992-D0C1DF94B9E9}.mzkit_win32|x86.Build.0 = Debug|Any CPU
		{2304C92F-4A85-497A-A992-D0C1DF94B9E9}.mzkit|Any CPU.ActiveCfg = Debug|Any CPU
		{2304C92F-4A85-497A-A992-D0C1DF94B9E9}.mzkit|Any CPU.Build.0 = Debug|Any CPU
		{2304C92F-4A85-497A-A992-D0C1DF94B9E9}.mzkit|x64.ActiveCfg = Debug|Any CPU
		{2304C92F-4A85-497A-A992-D0C1DF94B9E9}.mzkit|x64.Build.0 = Debug|Any CPU
		{2304C92F-4A85-497A-A992-D0C1DF94B9E9}.mzkit|x86.ActiveCfg = Debug|Any CPU
		{2304C92F-4A85-497A-A992-D0C1DF94B9E9}.mzkit|x86.Build.0 = Debug|Any CPU
		{2304C92F-4A85-497A-A992-D0C1DF94B9E9}.NPSearch|Any CPU.ActiveCfg = Debug|Any CPU
		{2304C92F-4A85-497A-A992-D0C1DF94B9E9}.NPSearch|Any CPU.Build.0 = Debug|Any CPU
		{2304C92F-4A85-497A-A992-D0C1DF94B9E9}.NPSearch|x64.ActiveCfg = Debug|Any CPU
		{2304C92F-4A85-497A-A992-D0C1DF94B9E9}.NPSearch|x64.Build.0 = Debug|Any CPU
		{2304C92F-4A85-497A-A992-D0C1DF94B9E9}.NPSearch|x86.ActiveCfg = Debug|Any CPU
		{2304C92F-4A85-497A-A992-D0C1DF94B9E9}.NPSearch|x86.Build.0 = Debug|Any CPU
		{2304C92F-4A85-497A-A992-D0C1DF94B9E9}.nuget_release|Any CPU.ActiveCfg = Debug|Any CPU
		{2304C92F-4A85-497A-A992-D0C1DF94B9E9}.nuget_release|Any CPU.Build.0 = Debug|Any CPU
		{2304C92F-4A85-497A-A992-D0C1DF94B9E9}.nuget_release|x64.ActiveCfg = Debug|Any CPU
		{2304C92F-4A85-497A-A992-D0C1DF94B9E9}.nuget_release|x64.Build.0 = Debug|Any CPU
		{2304C92F-4A85-497A-A992-D0C1DF94B9E9}.nuget_release|x86.ActiveCfg = Debug|Any CPU
		{2304C92F-4A85-497A-A992-D0C1DF94B9E9}.nuget_release|x86.Build.0 = Debug|Any CPU
		{2304C92F-4A85-497A-A992-D0C1DF94B9E9}.PlantMAT|Any CPU.ActiveCfg = Debug|Any CPU
		{2304C92F-4A85-497A-A992-D0C1DF94B9E9}.PlantMAT|Any CPU.Build.0 = Debug|Any CPU
		{2304C92F-4A85-497A-A992-D0C1DF94B9E9}.PlantMAT|x64.ActiveCfg = Debug|Any CPU
		{2304C92F-4A85-497A-A992-D0C1DF94B9E9}.PlantMAT|x64.Build.0 = Debug|Any CPU
		{2304C92F-4A85-497A-A992-D0C1DF94B9E9}.PlantMAT|x86.ActiveCfg = Debug|Any CPU
		{2304C92F-4A85-497A-A992-D0C1DF94B9E9}.PlantMAT|x86.Build.0 = Debug|Any CPU
		{2304C92F-4A85-497A-A992-D0C1DF94B9E9}.Release|Any CPU.ActiveCfg = Release|Any CPU
		{2304C92F-4A85-497A-A992-D0C1DF94B9E9}.Release|Any CPU.Build.0 = Release|Any CPU
		{2304C92F-4A85-497A-A992-D0C1DF94B9E9}.Release|x64.ActiveCfg = Release|Any CPU
		{2304C92F-4A85-497A-A992-D0C1DF94B9E9}.Release|x64.Build.0 = Release|Any CPU
		{2304C92F-4A85-497A-A992-D0C1DF94B9E9}.Release|x86.ActiveCfg = Release|Any CPU
		{2304C92F-4A85-497A-A992-D0C1DF94B9E9}.Release|x86.Build.0 = Release|Any CPU
		{2304C92F-4A85-497A-A992-D0C1DF94B9E9}.Rsharp_app_release|Any CPU.ActiveCfg = Release|Any CPU
		{2304C92F-4A85-497A-A992-D0C1DF94B9E9}.Rsharp_app_release|Any CPU.Build.0 = Release|Any CPU
		{2304C92F-4A85-497A-A992-D0C1DF94B9E9}.Rsharp_app_release|x64.ActiveCfg = Release|Any CPU
		{2304C92F-4A85-497A-A992-D0C1DF94B9E9}.Rsharp_app_release|x64.Build.0 = Release|Any CPU
		{2304C92F-4A85-497A-A992-D0C1DF94B9E9}.Rsharp_app_release|x86.ActiveCfg = Release|Any CPU
		{2304C92F-4A85-497A-A992-D0C1DF94B9E9}.Rsharp_app_release|x86.Build.0 = Release|Any CPU
		{3B35B5F3-0292-4FBE-B8A1-231FC4DB8F59}.CFD_win32|Any CPU.ActiveCfg = CFD_win32|Any CPU
		{3B35B5F3-0292-4FBE-B8A1-231FC4DB8F59}.CFD_win32|Any CPU.Build.0 = CFD_win32|Any CPU
		{3B35B5F3-0292-4FBE-B8A1-231FC4DB8F59}.CFD_win32|x64.ActiveCfg = CFD_win32|x64
		{3B35B5F3-0292-4FBE-B8A1-231FC4DB8F59}.CFD_win32|x64.Build.0 = CFD_win32|x64
		{3B35B5F3-0292-4FBE-B8A1-231FC4DB8F59}.CFD_win32|x86.ActiveCfg = CFD_win32|x86
		{3B35B5F3-0292-4FBE-B8A1-231FC4DB8F59}.CFD_win32|x86.Build.0 = CFD_win32|x86
		{3B35B5F3-0292-4FBE-B8A1-231FC4DB8F59}.Debug|Any CPU.ActiveCfg = Debug|Any CPU
		{3B35B5F3-0292-4FBE-B8A1-231FC4DB8F59}.Debug|Any CPU.Build.0 = Debug|Any CPU
		{3B35B5F3-0292-4FBE-B8A1-231FC4DB8F59}.Debug|x64.ActiveCfg = Debug|x64
		{3B35B5F3-0292-4FBE-B8A1-231FC4DB8F59}.Debug|x64.Build.0 = Debug|x64
		{3B35B5F3-0292-4FBE-B8A1-231FC4DB8F59}.Debug|x86.ActiveCfg = Debug|x86
		{3B35B5F3-0292-4FBE-B8A1-231FC4DB8F59}.Debug|x86.Build.0 = Debug|x86
		{3B35B5F3-0292-4FBE-B8A1-231FC4DB8F59}.Docker|Any CPU.ActiveCfg = Docker|Any CPU
		{3B35B5F3-0292-4FBE-B8A1-231FC4DB8F59}.Docker|Any CPU.Build.0 = Docker|Any CPU
		{3B35B5F3-0292-4FBE-B8A1-231FC4DB8F59}.Docker|x64.ActiveCfg = Docker|x64
		{3B35B5F3-0292-4FBE-B8A1-231FC4DB8F59}.Docker|x64.Build.0 = Docker|x64
		{3B35B5F3-0292-4FBE-B8A1-231FC4DB8F59}.Docker|x86.ActiveCfg = Docker|x86
		{3B35B5F3-0292-4FBE-B8A1-231FC4DB8F59}.Docker|x86.Build.0 = Docker|x86
		{3B35B5F3-0292-4FBE-B8A1-231FC4DB8F59}.gcmodeller_desktop|Any CPU.ActiveCfg = gcmodeller_desktop|Any CPU
		{3B35B5F3-0292-4FBE-B8A1-231FC4DB8F59}.gcmodeller_desktop|Any CPU.Build.0 = gcmodeller_desktop|Any CPU
		{3B35B5F3-0292-4FBE-B8A1-231FC4DB8F59}.gcmodeller_desktop|x64.ActiveCfg = gcmodeller_desktop|x64
		{3B35B5F3-0292-4FBE-B8A1-231FC4DB8F59}.gcmodeller_desktop|x64.Build.0 = gcmodeller_desktop|x64
		{3B35B5F3-0292-4FBE-B8A1-231FC4DB8F59}.gcmodeller_desktop|x86.ActiveCfg = gcmodeller_desktop|x86
		{3B35B5F3-0292-4FBE-B8A1-231FC4DB8F59}.gcmodeller_desktop|x86.Build.0 = gcmodeller_desktop|x86
		{3B35B5F3-0292-4FBE-B8A1-231FC4DB8F59}.LipidSearch|Any CPU.ActiveCfg = LipidSearch|Any CPU
		{3B35B5F3-0292-4FBE-B8A1-231FC4DB8F59}.LipidSearch|Any CPU.Build.0 = LipidSearch|Any CPU
		{3B35B5F3-0292-4FBE-B8A1-231FC4DB8F59}.LipidSearch|x64.ActiveCfg = LipidSearch|x64
		{3B35B5F3-0292-4FBE-B8A1-231FC4DB8F59}.LipidSearch|x64.Build.0 = LipidSearch|x64
		{3B35B5F3-0292-4FBE-B8A1-231FC4DB8F59}.LipidSearch|x86.ActiveCfg = LipidSearch|x86
		{3B35B5F3-0292-4FBE-B8A1-231FC4DB8F59}.LipidSearch|x86.Build.0 = LipidSearch|x86
		{3B35B5F3-0292-4FBE-B8A1-231FC4DB8F59}.mzkit_win32|Any CPU.ActiveCfg = mzkit_win32|Any CPU
		{3B35B5F3-0292-4FBE-B8A1-231FC4DB8F59}.mzkit_win32|Any CPU.Build.0 = mzkit_win32|Any CPU
		{3B35B5F3-0292-4FBE-B8A1-231FC4DB8F59}.mzkit_win32|x64.ActiveCfg = mzkit_win32|x64
		{3B35B5F3-0292-4FBE-B8A1-231FC4DB8F59}.mzkit_win32|x64.Build.0 = mzkit_win32|x64
		{3B35B5F3-0292-4FBE-B8A1-231FC4DB8F59}.mzkit_win32|x86.ActiveCfg = mzkit_win32|x86
		{3B35B5F3-0292-4FBE-B8A1-231FC4DB8F59}.mzkit_win32|x86.Build.0 = mzkit_win32|x86
		{3B35B5F3-0292-4FBE-B8A1-231FC4DB8F59}.mzkit|Any CPU.ActiveCfg = mzkit|Any CPU
		{3B35B5F3-0292-4FBE-B8A1-231FC4DB8F59}.mzkit|Any CPU.Build.0 = mzkit|Any CPU
		{3B35B5F3-0292-4FBE-B8A1-231FC4DB8F59}.mzkit|x64.ActiveCfg = mzkit|x64
		{3B35B5F3-0292-4FBE-B8A1-231FC4DB8F59}.mzkit|x64.Build.0 = mzkit|x64
		{3B35B5F3-0292-4FBE-B8A1-231FC4DB8F59}.mzkit|x86.ActiveCfg = mzkit|x86
		{3B35B5F3-0292-4FBE-B8A1-231FC4DB8F59}.mzkit|x86.Build.0 = mzkit|x86
		{3B35B5F3-0292-4FBE-B8A1-231FC4DB8F59}.NPSearch|Any CPU.ActiveCfg = NPSearch|Any CPU
		{3B35B5F3-0292-4FBE-B8A1-231FC4DB8F59}.NPSearch|Any CPU.Build.0 = NPSearch|Any CPU
		{3B35B5F3-0292-4FBE-B8A1-231FC4DB8F59}.NPSearch|x64.ActiveCfg = NPSearch|x64
		{3B35B5F3-0292-4FBE-B8A1-231FC4DB8F59}.NPSearch|x64.Build.0 = NPSearch|x64
		{3B35B5F3-0292-4FBE-B8A1-231FC4DB8F59}.NPSearch|x86.ActiveCfg = NPSearch|x86
		{3B35B5F3-0292-4FBE-B8A1-231FC4DB8F59}.NPSearch|x86.Build.0 = NPSearch|x86
		{3B35B5F3-0292-4FBE-B8A1-231FC4DB8F59}.nuget_release|Any CPU.ActiveCfg = nuget_release|Any CPU
		{3B35B5F3-0292-4FBE-B8A1-231FC4DB8F59}.nuget_release|Any CPU.Build.0 = nuget_release|Any CPU
		{3B35B5F3-0292-4FBE-B8A1-231FC4DB8F59}.nuget_release|x64.ActiveCfg = nuget_release|x64
		{3B35B5F3-0292-4FBE-B8A1-231FC4DB8F59}.nuget_release|x64.Build.0 = nuget_release|x64
		{3B35B5F3-0292-4FBE-B8A1-231FC4DB8F59}.nuget_release|x86.ActiveCfg = nuget_release|x86
		{3B35B5F3-0292-4FBE-B8A1-231FC4DB8F59}.nuget_release|x86.Build.0 = nuget_release|x86
		{3B35B5F3-0292-4FBE-B8A1-231FC4DB8F59}.PlantMAT|Any CPU.ActiveCfg = PlantMAT|Any CPU
		{3B35B5F3-0292-4FBE-B8A1-231FC4DB8F59}.PlantMAT|Any CPU.Build.0 = PlantMAT|Any CPU
		{3B35B5F3-0292-4FBE-B8A1-231FC4DB8F59}.PlantMAT|x64.ActiveCfg = PlantMAT|x64
		{3B35B5F3-0292-4FBE-B8A1-231FC4DB8F59}.PlantMAT|x64.Build.0 = PlantMAT|x64
		{3B35B5F3-0292-4FBE-B8A1-231FC4DB8F59}.PlantMAT|x86.ActiveCfg = PlantMAT|x86
		{3B35B5F3-0292-4FBE-B8A1-231FC4DB8F59}.PlantMAT|x86.Build.0 = PlantMAT|x86
		{3B35B5F3-0292-4FBE-B8A1-231FC4DB8F59}.Release|Any CPU.ActiveCfg = Release|Any CPU
		{3B35B5F3-0292-4FBE-B8A1-231FC4DB8F59}.Release|Any CPU.Build.0 = Release|Any CPU
		{3B35B5F3-0292-4FBE-B8A1-231FC4DB8F59}.Release|x64.ActiveCfg = Release|x64
		{3B35B5F3-0292-4FBE-B8A1-231FC4DB8F59}.Release|x64.Build.0 = Release|x64
		{3B35B5F3-0292-4FBE-B8A1-231FC4DB8F59}.Release|x86.ActiveCfg = Release|x86
		{3B35B5F3-0292-4FBE-B8A1-231FC4DB8F59}.Release|x86.Build.0 = Release|x86
		{3B35B5F3-0292-4FBE-B8A1-231FC4DB8F59}.Rsharp_app_release|Any CPU.ActiveCfg = Rsharp_app_release|Any CPU
		{3B35B5F3-0292-4FBE-B8A1-231FC4DB8F59}.Rsharp_app_release|Any CPU.Build.0 = Rsharp_app_release|Any CPU
		{3B35B5F3-0292-4FBE-B8A1-231FC4DB8F59}.Rsharp_app_release|x64.ActiveCfg = Rsharp_app_release|x64
		{3B35B5F3-0292-4FBE-B8A1-231FC4DB8F59}.Rsharp_app_release|x64.Build.0 = Rsharp_app_release|x64
		{3B35B5F3-0292-4FBE-B8A1-231FC4DB8F59}.Rsharp_app_release|x86.ActiveCfg = Rsharp_app_release|x86
		{3B35B5F3-0292-4FBE-B8A1-231FC4DB8F59}.Rsharp_app_release|x86.Build.0 = Rsharp_app_release|x86
		{A62FF9B8-3FFD-4100-BA7C-046CDE3F9D54}.CFD_win32|Any CPU.ActiveCfg = CFD_win32|Any CPU
		{A62FF9B8-3FFD-4100-BA7C-046CDE3F9D54}.CFD_win32|Any CPU.Build.0 = CFD_win32|Any CPU
		{A62FF9B8-3FFD-4100-BA7C-046CDE3F9D54}.CFD_win32|x64.ActiveCfg = CFD_win32|x64
		{A62FF9B8-3FFD-4100-BA7C-046CDE3F9D54}.CFD_win32|x64.Build.0 = CFD_win32|x64
		{A62FF9B8-3FFD-4100-BA7C-046CDE3F9D54}.CFD_win32|x86.ActiveCfg = CFD_win32|Any CPU
		{A62FF9B8-3FFD-4100-BA7C-046CDE3F9D54}.CFD_win32|x86.Build.0 = CFD_win32|Any CPU
		{A62FF9B8-3FFD-4100-BA7C-046CDE3F9D54}.Debug|Any CPU.ActiveCfg = Debug|Any CPU
		{A62FF9B8-3FFD-4100-BA7C-046CDE3F9D54}.Debug|Any CPU.Build.0 = Debug|Any CPU
		{A62FF9B8-3FFD-4100-BA7C-046CDE3F9D54}.Debug|x64.ActiveCfg = Debug|x64
		{A62FF9B8-3FFD-4100-BA7C-046CDE3F9D54}.Debug|x64.Build.0 = Debug|x64
		{A62FF9B8-3FFD-4100-BA7C-046CDE3F9D54}.Debug|x86.ActiveCfg = Debug|Any CPU
		{A62FF9B8-3FFD-4100-BA7C-046CDE3F9D54}.Debug|x86.Build.0 = Debug|Any CPU
		{A62FF9B8-3FFD-4100-BA7C-046CDE3F9D54}.Docker|Any CPU.ActiveCfg = Docker|Any CPU
		{A62FF9B8-3FFD-4100-BA7C-046CDE3F9D54}.Docker|Any CPU.Build.0 = Docker|Any CPU
		{A62FF9B8-3FFD-4100-BA7C-046CDE3F9D54}.Docker|x64.ActiveCfg = Docker|x64
		{A62FF9B8-3FFD-4100-BA7C-046CDE3F9D54}.Docker|x64.Build.0 = Docker|x64
		{A62FF9B8-3FFD-4100-BA7C-046CDE3F9D54}.Docker|x86.ActiveCfg = Docker|Any CPU
		{A62FF9B8-3FFD-4100-BA7C-046CDE3F9D54}.Docker|x86.Build.0 = Docker|Any CPU
		{A62FF9B8-3FFD-4100-BA7C-046CDE3F9D54}.gcmodeller_desktop|Any CPU.ActiveCfg = gcmodeller_desktop|Any CPU
		{A62FF9B8-3FFD-4100-BA7C-046CDE3F9D54}.gcmodeller_desktop|Any CPU.Build.0 = gcmodeller_desktop|Any CPU
		{A62FF9B8-3FFD-4100-BA7C-046CDE3F9D54}.gcmodeller_desktop|x64.ActiveCfg = gcmodeller_desktop|x64
		{A62FF9B8-3FFD-4100-BA7C-046CDE3F9D54}.gcmodeller_desktop|x64.Build.0 = gcmodeller_desktop|x64
		{A62FF9B8-3FFD-4100-BA7C-046CDE3F9D54}.gcmodeller_desktop|x86.ActiveCfg = gcmodeller_desktop|Any CPU
		{A62FF9B8-3FFD-4100-BA7C-046CDE3F9D54}.gcmodeller_desktop|x86.Build.0 = gcmodeller_desktop|Any CPU
		{A62FF9B8-3FFD-4100-BA7C-046CDE3F9D54}.LipidSearch|Any CPU.ActiveCfg = LipidSearch|Any CPU
		{A62FF9B8-3FFD-4100-BA7C-046CDE3F9D54}.LipidSearch|Any CPU.Build.0 = LipidSearch|Any CPU
		{A62FF9B8-3FFD-4100-BA7C-046CDE3F9D54}.LipidSearch|x64.ActiveCfg = LipidSearch|x64
		{A62FF9B8-3FFD-4100-BA7C-046CDE3F9D54}.LipidSearch|x64.Build.0 = LipidSearch|x64
		{A62FF9B8-3FFD-4100-BA7C-046CDE3F9D54}.LipidSearch|x86.ActiveCfg = LipidSearch|Any CPU
		{A62FF9B8-3FFD-4100-BA7C-046CDE3F9D54}.LipidSearch|x86.Build.0 = LipidSearch|Any CPU
		{A62FF9B8-3FFD-4100-BA7C-046CDE3F9D54}.mzkit_win32|Any CPU.ActiveCfg = mzkit_win32|Any CPU
		{A62FF9B8-3FFD-4100-BA7C-046CDE3F9D54}.mzkit_win32|Any CPU.Build.0 = mzkit_win32|Any CPU
		{A62FF9B8-3FFD-4100-BA7C-046CDE3F9D54}.mzkit_win32|x64.ActiveCfg = mzkit_win32|x64
		{A62FF9B8-3FFD-4100-BA7C-046CDE3F9D54}.mzkit_win32|x64.Build.0 = mzkit_win32|x64
		{A62FF9B8-3FFD-4100-BA7C-046CDE3F9D54}.mzkit_win32|x86.ActiveCfg = mzkit_win32|Any CPU
		{A62FF9B8-3FFD-4100-BA7C-046CDE3F9D54}.mzkit_win32|x86.Build.0 = mzkit_win32|Any CPU
		{A62FF9B8-3FFD-4100-BA7C-046CDE3F9D54}.mzkit|Any CPU.ActiveCfg = mzkit_win32|Any CPU
		{A62FF9B8-3FFD-4100-BA7C-046CDE3F9D54}.mzkit|Any CPU.Build.0 = mzkit_win32|Any CPU
		{A62FF9B8-3FFD-4100-BA7C-046CDE3F9D54}.mzkit|x64.ActiveCfg = mzkit_win32|x64
		{A62FF9B8-3FFD-4100-BA7C-046CDE3F9D54}.mzkit|x64.Build.0 = mzkit_win32|x64
		{A62FF9B8-3FFD-4100-BA7C-046CDE3F9D54}.mzkit|x86.ActiveCfg = mzkit_win32|Any CPU
		{A62FF9B8-3FFD-4100-BA7C-046CDE3F9D54}.mzkit|x86.Build.0 = mzkit_win32|Any CPU
		{A62FF9B8-3FFD-4100-BA7C-046CDE3F9D54}.NPSearch|Any CPU.ActiveCfg = NPSearch|Any CPU
		{A62FF9B8-3FFD-4100-BA7C-046CDE3F9D54}.NPSearch|Any CPU.Build.0 = NPSearch|Any CPU
		{A62FF9B8-3FFD-4100-BA7C-046CDE3F9D54}.NPSearch|x64.ActiveCfg = NPSearch|x64
		{A62FF9B8-3FFD-4100-BA7C-046CDE3F9D54}.NPSearch|x64.Build.0 = NPSearch|x64
		{A62FF9B8-3FFD-4100-BA7C-046CDE3F9D54}.NPSearch|x86.ActiveCfg = NPSearch|Any CPU
		{A62FF9B8-3FFD-4100-BA7C-046CDE3F9D54}.NPSearch|x86.Build.0 = NPSearch|Any CPU
		{A62FF9B8-3FFD-4100-BA7C-046CDE3F9D54}.nuget_release|Any CPU.ActiveCfg = nuget_release|Any CPU
		{A62FF9B8-3FFD-4100-BA7C-046CDE3F9D54}.nuget_release|Any CPU.Build.0 = nuget_release|Any CPU
		{A62FF9B8-3FFD-4100-BA7C-046CDE3F9D54}.nuget_release|x64.ActiveCfg = nuget_release|x64
		{A62FF9B8-3FFD-4100-BA7C-046CDE3F9D54}.nuget_release|x64.Build.0 = nuget_release|x64
		{A62FF9B8-3FFD-4100-BA7C-046CDE3F9D54}.nuget_release|x86.ActiveCfg = nuget_release|Any CPU
		{A62FF9B8-3FFD-4100-BA7C-046CDE3F9D54}.nuget_release|x86.Build.0 = nuget_release|Any CPU
		{A62FF9B8-3FFD-4100-BA7C-046CDE3F9D54}.PlantMAT|Any CPU.ActiveCfg = PlantMAT|Any CPU
		{A62FF9B8-3FFD-4100-BA7C-046CDE3F9D54}.PlantMAT|Any CPU.Build.0 = PlantMAT|Any CPU
		{A62FF9B8-3FFD-4100-BA7C-046CDE3F9D54}.PlantMAT|x64.ActiveCfg = PlantMAT|x64
		{A62FF9B8-3FFD-4100-BA7C-046CDE3F9D54}.PlantMAT|x64.Build.0 = PlantMAT|x64
		{A62FF9B8-3FFD-4100-BA7C-046CDE3F9D54}.PlantMAT|x86.ActiveCfg = PlantMAT|Any CPU
		{A62FF9B8-3FFD-4100-BA7C-046CDE3F9D54}.PlantMAT|x86.Build.0 = PlantMAT|Any CPU
		{A62FF9B8-3FFD-4100-BA7C-046CDE3F9D54}.Release|Any CPU.ActiveCfg = Release|Any CPU
		{A62FF9B8-3FFD-4100-BA7C-046CDE3F9D54}.Release|Any CPU.Build.0 = Release|Any CPU
		{A62FF9B8-3FFD-4100-BA7C-046CDE3F9D54}.Release|x64.ActiveCfg = Release|x64
		{A62FF9B8-3FFD-4100-BA7C-046CDE3F9D54}.Release|x64.Build.0 = Release|x64
		{A62FF9B8-3FFD-4100-BA7C-046CDE3F9D54}.Release|x86.ActiveCfg = Release|Any CPU
		{A62FF9B8-3FFD-4100-BA7C-046CDE3F9D54}.Release|x86.Build.0 = Release|Any CPU
		{A62FF9B8-3FFD-4100-BA7C-046CDE3F9D54}.Rsharp_app_release|Any CPU.ActiveCfg = Rsharp_app_release|Any CPU
		{A62FF9B8-3FFD-4100-BA7C-046CDE3F9D54}.Rsharp_app_release|Any CPU.Build.0 = Rsharp_app_release|Any CPU
		{A62FF9B8-3FFD-4100-BA7C-046CDE3F9D54}.Rsharp_app_release|x64.ActiveCfg = Rsharp_app_release|x64
		{A62FF9B8-3FFD-4100-BA7C-046CDE3F9D54}.Rsharp_app_release|x64.Build.0 = Rsharp_app_release|x64
		{A62FF9B8-3FFD-4100-BA7C-046CDE3F9D54}.Rsharp_app_release|x86.ActiveCfg = Rsharp_app_release|Any CPU
		{A62FF9B8-3FFD-4100-BA7C-046CDE3F9D54}.Rsharp_app_release|x86.Build.0 = Rsharp_app_release|Any CPU
		{576D8244-1D72-495C-9853-B5EF6283F522}.CFD_win32|Any CPU.ActiveCfg = Debug|Any CPU
		{576D8244-1D72-495C-9853-B5EF6283F522}.CFD_win32|Any CPU.Build.0 = Debug|Any CPU
		{576D8244-1D72-495C-9853-B5EF6283F522}.CFD_win32|x64.ActiveCfg = Debug|x64
		{576D8244-1D72-495C-9853-B5EF6283F522}.CFD_win32|x64.Build.0 = Debug|x64
		{576D8244-1D72-495C-9853-B5EF6283F522}.CFD_win32|x86.ActiveCfg = Debug|Any CPU
		{576D8244-1D72-495C-9853-B5EF6283F522}.CFD_win32|x86.Build.0 = Debug|Any CPU
		{576D8244-1D72-495C-9853-B5EF6283F522}.Debug|Any CPU.ActiveCfg = Debug|Any CPU
		{576D8244-1D72-495C-9853-B5EF6283F522}.Debug|Any CPU.Build.0 = Debug|Any CPU
		{576D8244-1D72-495C-9853-B5EF6283F522}.Debug|x64.ActiveCfg = Debug|x64
		{576D8244-1D72-495C-9853-B5EF6283F522}.Debug|x64.Build.0 = Debug|x64
		{576D8244-1D72-495C-9853-B5EF6283F522}.Debug|x86.ActiveCfg = Debug|Any CPU
		{576D8244-1D72-495C-9853-B5EF6283F522}.Debug|x86.Build.0 = Debug|Any CPU
		{576D8244-1D72-495C-9853-B5EF6283F522}.Docker|Any CPU.ActiveCfg = Docker|Any CPU
		{576D8244-1D72-495C-9853-B5EF6283F522}.Docker|Any CPU.Build.0 = Docker|Any CPU
		{576D8244-1D72-495C-9853-B5EF6283F522}.Docker|x64.ActiveCfg = Docker|x64
		{576D8244-1D72-495C-9853-B5EF6283F522}.Docker|x64.Build.0 = Docker|x64
		{576D8244-1D72-495C-9853-B5EF6283F522}.Docker|x86.ActiveCfg = Docker|Any CPU
		{576D8244-1D72-495C-9853-B5EF6283F522}.Docker|x86.Build.0 = Docker|Any CPU
		{576D8244-1D72-495C-9853-B5EF6283F522}.gcmodeller_desktop|Any CPU.ActiveCfg = gcmodeller_desktop|Any CPU
		{576D8244-1D72-495C-9853-B5EF6283F522}.gcmodeller_desktop|Any CPU.Build.0 = gcmodeller_desktop|Any CPU
		{576D8244-1D72-495C-9853-B5EF6283F522}.gcmodeller_desktop|x64.ActiveCfg = gcmodeller_desktop|x64
		{576D8244-1D72-495C-9853-B5EF6283F522}.gcmodeller_desktop|x64.Build.0 = gcmodeller_desktop|x64
		{576D8244-1D72-495C-9853-B5EF6283F522}.gcmodeller_desktop|x86.ActiveCfg = gcmodeller_desktop|Any CPU
		{576D8244-1D72-495C-9853-B5EF6283F522}.gcmodeller_desktop|x86.Build.0 = gcmodeller_desktop|Any CPU
		{576D8244-1D72-495C-9853-B5EF6283F522}.LipidSearch|Any CPU.ActiveCfg = Debug|Any CPU
		{576D8244-1D72-495C-9853-B5EF6283F522}.LipidSearch|Any CPU.Build.0 = Debug|Any CPU
		{576D8244-1D72-495C-9853-B5EF6283F522}.LipidSearch|x64.ActiveCfg = Debug|x64
		{576D8244-1D72-495C-9853-B5EF6283F522}.LipidSearch|x64.Build.0 = Debug|x64
		{576D8244-1D72-495C-9853-B5EF6283F522}.LipidSearch|x86.ActiveCfg = Debug|Any CPU
		{576D8244-1D72-495C-9853-B5EF6283F522}.LipidSearch|x86.Build.0 = Debug|Any CPU
		{576D8244-1D72-495C-9853-B5EF6283F522}.mzkit_win32|Any CPU.ActiveCfg = mzkit_win32|Any CPU
		{576D8244-1D72-495C-9853-B5EF6283F522}.mzkit_win32|Any CPU.Build.0 = mzkit_win32|Any CPU
		{576D8244-1D72-495C-9853-B5EF6283F522}.mzkit_win32|x64.ActiveCfg = mzkit_win32|x64
		{576D8244-1D72-495C-9853-B5EF6283F522}.mzkit_win32|x64.Build.0 = mzkit_win32|x64
		{576D8244-1D72-495C-9853-B5EF6283F522}.mzkit_win32|x86.ActiveCfg = mzkit_win32|Any CPU
		{576D8244-1D72-495C-9853-B5EF6283F522}.mzkit_win32|x86.Build.0 = mzkit_win32|Any CPU
		{576D8244-1D72-495C-9853-B5EF6283F522}.mzkit|Any CPU.ActiveCfg = mzkit_win32|Any CPU
		{576D8244-1D72-495C-9853-B5EF6283F522}.mzkit|Any CPU.Build.0 = mzkit_win32|Any CPU
		{576D8244-1D72-495C-9853-B5EF6283F522}.mzkit|x64.ActiveCfg = mzkit_win32|x64
		{576D8244-1D72-495C-9853-B5EF6283F522}.mzkit|x64.Build.0 = mzkit_win32|x64
		{576D8244-1D72-495C-9853-B5EF6283F522}.mzkit|x86.ActiveCfg = mzkit_win32|Any CPU
		{576D8244-1D72-495C-9853-B5EF6283F522}.mzkit|x86.Build.0 = mzkit_win32|Any CPU
		{576D8244-1D72-495C-9853-B5EF6283F522}.NPSearch|Any CPU.ActiveCfg = Debug|Any CPU
		{576D8244-1D72-495C-9853-B5EF6283F522}.NPSearch|Any CPU.Build.0 = Debug|Any CPU
		{576D8244-1D72-495C-9853-B5EF6283F522}.NPSearch|x64.ActiveCfg = Debug|x64
		{576D8244-1D72-495C-9853-B5EF6283F522}.NPSearch|x64.Build.0 = Debug|x64
		{576D8244-1D72-495C-9853-B5EF6283F522}.NPSearch|x86.ActiveCfg = Debug|Any CPU
		{576D8244-1D72-495C-9853-B5EF6283F522}.NPSearch|x86.Build.0 = Debug|Any CPU
		{576D8244-1D72-495C-9853-B5EF6283F522}.nuget_release|Any CPU.ActiveCfg = Debug|Any CPU
		{576D8244-1D72-495C-9853-B5EF6283F522}.nuget_release|Any CPU.Build.0 = Debug|Any CPU
		{576D8244-1D72-495C-9853-B5EF6283F522}.nuget_release|x64.ActiveCfg = Debug|x64
		{576D8244-1D72-495C-9853-B5EF6283F522}.nuget_release|x64.Build.0 = Debug|x64
		{576D8244-1D72-495C-9853-B5EF6283F522}.nuget_release|x86.ActiveCfg = Debug|Any CPU
		{576D8244-1D72-495C-9853-B5EF6283F522}.nuget_release|x86.Build.0 = Debug|Any CPU
		{576D8244-1D72-495C-9853-B5EF6283F522}.PlantMAT|Any CPU.ActiveCfg = PlantMAT|Any CPU
		{576D8244-1D72-495C-9853-B5EF6283F522}.PlantMAT|Any CPU.Build.0 = PlantMAT|Any CPU
		{576D8244-1D72-495C-9853-B5EF6283F522}.PlantMAT|x64.ActiveCfg = PlantMAT|x64
		{576D8244-1D72-495C-9853-B5EF6283F522}.PlantMAT|x64.Build.0 = PlantMAT|x64
		{576D8244-1D72-495C-9853-B5EF6283F522}.PlantMAT|x86.ActiveCfg = PlantMAT|Any CPU
		{576D8244-1D72-495C-9853-B5EF6283F522}.PlantMAT|x86.Build.0 = PlantMAT|Any CPU
		{576D8244-1D72-495C-9853-B5EF6283F522}.Release|Any CPU.ActiveCfg = Release|Any CPU
		{576D8244-1D72-495C-9853-B5EF6283F522}.Release|Any CPU.Build.0 = Release|Any CPU
		{576D8244-1D72-495C-9853-B5EF6283F522}.Release|x64.ActiveCfg = Release|x64
		{576D8244-1D72-495C-9853-B5EF6283F522}.Release|x64.Build.0 = Release|x64
		{576D8244-1D72-495C-9853-B5EF6283F522}.Release|x86.ActiveCfg = Release|Any CPU
		{576D8244-1D72-495C-9853-B5EF6283F522}.Release|x86.Build.0 = Release|Any CPU
		{576D8244-1D72-495C-9853-B5EF6283F522}.Rsharp_app_release|Any CPU.ActiveCfg = Rsharp_app_release|Any CPU
		{576D8244-1D72-495C-9853-B5EF6283F522}.Rsharp_app_release|Any CPU.Build.0 = Rsharp_app_release|Any CPU
		{576D8244-1D72-495C-9853-B5EF6283F522}.Rsharp_app_release|x64.ActiveCfg = Rsharp_app_release|x64
		{576D8244-1D72-495C-9853-B5EF6283F522}.Rsharp_app_release|x64.Build.0 = Rsharp_app_release|x64
		{576D8244-1D72-495C-9853-B5EF6283F522}.Rsharp_app_release|x86.ActiveCfg = Rsharp_app_release|Any CPU
		{576D8244-1D72-495C-9853-B5EF6283F522}.Rsharp_app_release|x86.Build.0 = Rsharp_app_release|Any CPU
		{62972FFF-D233-4808-8802-160595267DFD}.CFD_win32|Any CPU.ActiveCfg = Debug|Any CPU
		{62972FFF-D233-4808-8802-160595267DFD}.CFD_win32|Any CPU.Build.0 = Debug|Any CPU
		{62972FFF-D233-4808-8802-160595267DFD}.CFD_win32|x64.ActiveCfg = Debug|x64
		{62972FFF-D233-4808-8802-160595267DFD}.CFD_win32|x64.Build.0 = Debug|x64
		{62972FFF-D233-4808-8802-160595267DFD}.CFD_win32|x86.ActiveCfg = Debug|Any CPU
		{62972FFF-D233-4808-8802-160595267DFD}.CFD_win32|x86.Build.0 = Debug|Any CPU
		{62972FFF-D233-4808-8802-160595267DFD}.Debug|Any CPU.ActiveCfg = Debug|Any CPU
		{62972FFF-D233-4808-8802-160595267DFD}.Debug|Any CPU.Build.0 = Debug|Any CPU
		{62972FFF-D233-4808-8802-160595267DFD}.Debug|x64.ActiveCfg = Debug|x64
		{62972FFF-D233-4808-8802-160595267DFD}.Debug|x64.Build.0 = Debug|x64
		{62972FFF-D233-4808-8802-160595267DFD}.Debug|x86.ActiveCfg = Debug|Any CPU
		{62972FFF-D233-4808-8802-160595267DFD}.Debug|x86.Build.0 = Debug|Any CPU
		{62972FFF-D233-4808-8802-160595267DFD}.Docker|Any CPU.ActiveCfg = Docker|Any CPU
		{62972FFF-D233-4808-8802-160595267DFD}.Docker|Any CPU.Build.0 = Docker|Any CPU
		{62972FFF-D233-4808-8802-160595267DFD}.Docker|x64.ActiveCfg = Docker|x64
		{62972FFF-D233-4808-8802-160595267DFD}.Docker|x64.Build.0 = Docker|x64
		{62972FFF-D233-4808-8802-160595267DFD}.Docker|x86.ActiveCfg = Docker|Any CPU
		{62972FFF-D233-4808-8802-160595267DFD}.Docker|x86.Build.0 = Docker|Any CPU
		{62972FFF-D233-4808-8802-160595267DFD}.gcmodeller_desktop|Any CPU.ActiveCfg = gcmodeller_desktop|Any CPU
		{62972FFF-D233-4808-8802-160595267DFD}.gcmodeller_desktop|Any CPU.Build.0 = gcmodeller_desktop|Any CPU
		{62972FFF-D233-4808-8802-160595267DFD}.gcmodeller_desktop|x64.ActiveCfg = gcmodeller_desktop|x64
		{62972FFF-D233-4808-8802-160595267DFD}.gcmodeller_desktop|x64.Build.0 = gcmodeller_desktop|x64
		{62972FFF-D233-4808-8802-160595267DFD}.gcmodeller_desktop|x86.ActiveCfg = gcmodeller_desktop|Any CPU
		{62972FFF-D233-4808-8802-160595267DFD}.gcmodeller_desktop|x86.Build.0 = gcmodeller_desktop|Any CPU
		{62972FFF-D233-4808-8802-160595267DFD}.LipidSearch|Any CPU.ActiveCfg = LipidSearch|Any CPU
		{62972FFF-D233-4808-8802-160595267DFD}.LipidSearch|Any CPU.Build.0 = LipidSearch|Any CPU
		{62972FFF-D233-4808-8802-160595267DFD}.LipidSearch|x64.ActiveCfg = LipidSearch|x64
		{62972FFF-D233-4808-8802-160595267DFD}.LipidSearch|x64.Build.0 = LipidSearch|x64
		{62972FFF-D233-4808-8802-160595267DFD}.LipidSearch|x86.ActiveCfg = LipidSearch|Any CPU
		{62972FFF-D233-4808-8802-160595267DFD}.LipidSearch|x86.Build.0 = LipidSearch|Any CPU
		{62972FFF-D233-4808-8802-160595267DFD}.mzkit_win32|Any CPU.ActiveCfg = mzkit_win32|Any CPU
		{62972FFF-D233-4808-8802-160595267DFD}.mzkit_win32|Any CPU.Build.0 = mzkit_win32|Any CPU
		{62972FFF-D233-4808-8802-160595267DFD}.mzkit_win32|x64.ActiveCfg = mzkit_win32|x64
		{62972FFF-D233-4808-8802-160595267DFD}.mzkit_win32|x64.Build.0 = mzkit_win32|x64
		{62972FFF-D233-4808-8802-160595267DFD}.mzkit_win32|x86.ActiveCfg = mzkit_win32|Any CPU
		{62972FFF-D233-4808-8802-160595267DFD}.mzkit_win32|x86.Build.0 = mzkit_win32|Any CPU
		{62972FFF-D233-4808-8802-160595267DFD}.mzkit|Any CPU.ActiveCfg = mzkit_win32|Any CPU
		{62972FFF-D233-4808-8802-160595267DFD}.mzkit|Any CPU.Build.0 = mzkit_win32|Any CPU
		{62972FFF-D233-4808-8802-160595267DFD}.mzkit|x64.ActiveCfg = mzkit_win32|x64
		{62972FFF-D233-4808-8802-160595267DFD}.mzkit|x64.Build.0 = mzkit_win32|x64
		{62972FFF-D233-4808-8802-160595267DFD}.mzkit|x86.ActiveCfg = mzkit_win32|Any CPU
		{62972FFF-D233-4808-8802-160595267DFD}.mzkit|x86.Build.0 = mzkit_win32|Any CPU
		{62972FFF-D233-4808-8802-160595267DFD}.NPSearch|Any CPU.ActiveCfg = NPSearch|Any CPU
		{62972FFF-D233-4808-8802-160595267DFD}.NPSearch|Any CPU.Build.0 = NPSearch|Any CPU
		{62972FFF-D233-4808-8802-160595267DFD}.NPSearch|x64.ActiveCfg = NPSearch|x64
		{62972FFF-D233-4808-8802-160595267DFD}.NPSearch|x64.Build.0 = NPSearch|x64
		{62972FFF-D233-4808-8802-160595267DFD}.NPSearch|x86.ActiveCfg = NPSearch|Any CPU
		{62972FFF-D233-4808-8802-160595267DFD}.NPSearch|x86.Build.0 = NPSearch|Any CPU
		{62972FFF-D233-4808-8802-160595267DFD}.nuget_release|Any CPU.ActiveCfg = nuget_release|Any CPU
		{62972FFF-D233-4808-8802-160595267DFD}.nuget_release|Any CPU.Build.0 = nuget_release|Any CPU
		{62972FFF-D233-4808-8802-160595267DFD}.nuget_release|x64.ActiveCfg = nuget_release|x64
		{62972FFF-D233-4808-8802-160595267DFD}.nuget_release|x64.Build.0 = nuget_release|x64
		{62972FFF-D233-4808-8802-160595267DFD}.nuget_release|x86.ActiveCfg = nuget_release|Any CPU
		{62972FFF-D233-4808-8802-160595267DFD}.nuget_release|x86.Build.0 = nuget_release|Any CPU
		{62972FFF-D233-4808-8802-160595267DFD}.PlantMAT|Any CPU.ActiveCfg = PlantMAT|Any CPU
		{62972FFF-D233-4808-8802-160595267DFD}.PlantMAT|Any CPU.Build.0 = PlantMAT|Any CPU
		{62972FFF-D233-4808-8802-160595267DFD}.PlantMAT|x64.ActiveCfg = PlantMAT|x64
		{62972FFF-D233-4808-8802-160595267DFD}.PlantMAT|x64.Build.0 = PlantMAT|x64
		{62972FFF-D233-4808-8802-160595267DFD}.PlantMAT|x86.ActiveCfg = PlantMAT|Any CPU
		{62972FFF-D233-4808-8802-160595267DFD}.PlantMAT|x86.Build.0 = PlantMAT|Any CPU
		{62972FFF-D233-4808-8802-160595267DFD}.Release|Any CPU.ActiveCfg = Release|Any CPU
		{62972FFF-D233-4808-8802-160595267DFD}.Release|Any CPU.Build.0 = Release|Any CPU
		{62972FFF-D233-4808-8802-160595267DFD}.Release|x64.ActiveCfg = Release|x64
		{62972FFF-D233-4808-8802-160595267DFD}.Release|x64.Build.0 = Release|x64
		{62972FFF-D233-4808-8802-160595267DFD}.Release|x86.ActiveCfg = Release|Any CPU
		{62972FFF-D233-4808-8802-160595267DFD}.Release|x86.Build.0 = Release|Any CPU
		{62972FFF-D233-4808-8802-160595267DFD}.Rsharp_app_release|Any CPU.ActiveCfg = Rsharp_app_release|Any CPU
		{62972FFF-D233-4808-8802-160595267DFD}.Rsharp_app_release|Any CPU.Build.0 = Rsharp_app_release|Any CPU
		{62972FFF-D233-4808-8802-160595267DFD}.Rsharp_app_release|x64.ActiveCfg = Rsharp_app_release|x64
		{62972FFF-D233-4808-8802-160595267DFD}.Rsharp_app_release|x64.Build.0 = Rsharp_app_release|x64
		{62972FFF-D233-4808-8802-160595267DFD}.Rsharp_app_release|x86.ActiveCfg = Rsharp_app_release|Any CPU
		{62972FFF-D233-4808-8802-160595267DFD}.Rsharp_app_release|x86.Build.0 = Rsharp_app_release|Any CPU
		{80340E65-3017-4820-A55F-7A5F6C6D176C}.CFD_win32|Any CPU.ActiveCfg = CFD_win32|Any CPU
		{80340E65-3017-4820-A55F-7A5F6C6D176C}.CFD_win32|Any CPU.Build.0 = CFD_win32|Any CPU
		{80340E65-3017-4820-A55F-7A5F6C6D176C}.CFD_win32|x64.ActiveCfg = CFD_win32|x64
		{80340E65-3017-4820-A55F-7A5F6C6D176C}.CFD_win32|x64.Build.0 = CFD_win32|x64
		{80340E65-3017-4820-A55F-7A5F6C6D176C}.CFD_win32|x86.ActiveCfg = CFD_win32|Any CPU
		{80340E65-3017-4820-A55F-7A5F6C6D176C}.CFD_win32|x86.Build.0 = CFD_win32|Any CPU
		{80340E65-3017-4820-A55F-7A5F6C6D176C}.Debug|Any CPU.ActiveCfg = Debug|Any CPU
		{80340E65-3017-4820-A55F-7A5F6C6D176C}.Debug|Any CPU.Build.0 = Debug|Any CPU
		{80340E65-3017-4820-A55F-7A5F6C6D176C}.Debug|x64.ActiveCfg = Debug|x64
		{80340E65-3017-4820-A55F-7A5F6C6D176C}.Debug|x64.Build.0 = Debug|x64
		{80340E65-3017-4820-A55F-7A5F6C6D176C}.Debug|x86.ActiveCfg = Debug|Any CPU
		{80340E65-3017-4820-A55F-7A5F6C6D176C}.Debug|x86.Build.0 = Debug|Any CPU
		{80340E65-3017-4820-A55F-7A5F6C6D176C}.Docker|Any CPU.ActiveCfg = Docker|Any CPU
		{80340E65-3017-4820-A55F-7A5F6C6D176C}.Docker|Any CPU.Build.0 = Docker|Any CPU
		{80340E65-3017-4820-A55F-7A5F6C6D176C}.Docker|x64.ActiveCfg = Docker|x64
		{80340E65-3017-4820-A55F-7A5F6C6D176C}.Docker|x64.Build.0 = Docker|x64
		{80340E65-3017-4820-A55F-7A5F6C6D176C}.Docker|x86.ActiveCfg = Docker|Any CPU
		{80340E65-3017-4820-A55F-7A5F6C6D176C}.Docker|x86.Build.0 = Docker|Any CPU
		{80340E65-3017-4820-A55F-7A5F6C6D176C}.gcmodeller_desktop|Any CPU.ActiveCfg = gcmodeller_desktop|Any CPU
		{80340E65-3017-4820-A55F-7A5F6C6D176C}.gcmodeller_desktop|Any CPU.Build.0 = gcmodeller_desktop|Any CPU
		{80340E65-3017-4820-A55F-7A5F6C6D176C}.gcmodeller_desktop|x64.ActiveCfg = gcmodeller_desktop|x64
		{80340E65-3017-4820-A55F-7A5F6C6D176C}.gcmodeller_desktop|x64.Build.0 = gcmodeller_desktop|x64
		{80340E65-3017-4820-A55F-7A5F6C6D176C}.gcmodeller_desktop|x86.ActiveCfg = gcmodeller_desktop|Any CPU
		{80340E65-3017-4820-A55F-7A5F6C6D176C}.gcmodeller_desktop|x86.Build.0 = gcmodeller_desktop|Any CPU
		{80340E65-3017-4820-A55F-7A5F6C6D176C}.LipidSearch|Any CPU.ActiveCfg = LipidSearch|Any CPU
		{80340E65-3017-4820-A55F-7A5F6C6D176C}.LipidSearch|Any CPU.Build.0 = LipidSearch|Any CPU
		{80340E65-3017-4820-A55F-7A5F6C6D176C}.LipidSearch|x64.ActiveCfg = LipidSearch|x64
		{80340E65-3017-4820-A55F-7A5F6C6D176C}.LipidSearch|x64.Build.0 = LipidSearch|x64
		{80340E65-3017-4820-A55F-7A5F6C6D176C}.LipidSearch|x86.ActiveCfg = LipidSearch|Any CPU
		{80340E65-3017-4820-A55F-7A5F6C6D176C}.LipidSearch|x86.Build.0 = LipidSearch|Any CPU
		{80340E65-3017-4820-A55F-7A5F6C6D176C}.mzkit_win32|Any CPU.ActiveCfg = mzkit_win32|Any CPU
		{80340E65-3017-4820-A55F-7A5F6C6D176C}.mzkit_win32|Any CPU.Build.0 = mzkit_win32|Any CPU
		{80340E65-3017-4820-A55F-7A5F6C6D176C}.mzkit_win32|x64.ActiveCfg = mzkit_win32|x64
		{80340E65-3017-4820-A55F-7A5F6C6D176C}.mzkit_win32|x64.Build.0 = mzkit_win32|x64
		{80340E65-3017-4820-A55F-7A5F6C6D176C}.mzkit_win32|x86.ActiveCfg = mzkit_win32|Any CPU
		{80340E65-3017-4820-A55F-7A5F6C6D176C}.mzkit_win32|x86.Build.0 = mzkit_win32|Any CPU
		{80340E65-3017-4820-A55F-7A5F6C6D176C}.mzkit|Any CPU.ActiveCfg = mzkit|Any CPU
		{80340E65-3017-4820-A55F-7A5F6C6D176C}.mzkit|Any CPU.Build.0 = mzkit|Any CPU
		{80340E65-3017-4820-A55F-7A5F6C6D176C}.mzkit|x64.ActiveCfg = mzkit|x64
		{80340E65-3017-4820-A55F-7A5F6C6D176C}.mzkit|x64.Build.0 = mzkit|x64
		{80340E65-3017-4820-A55F-7A5F6C6D176C}.mzkit|x86.ActiveCfg = mzkit|Any CPU
		{80340E65-3017-4820-A55F-7A5F6C6D176C}.mzkit|x86.Build.0 = mzkit|Any CPU
		{80340E65-3017-4820-A55F-7A5F6C6D176C}.NPSearch|Any CPU.ActiveCfg = NPSearch|Any CPU
		{80340E65-3017-4820-A55F-7A5F6C6D176C}.NPSearch|Any CPU.Build.0 = NPSearch|Any CPU
		{80340E65-3017-4820-A55F-7A5F6C6D176C}.NPSearch|x64.ActiveCfg = NPSearch|x64
		{80340E65-3017-4820-A55F-7A5F6C6D176C}.NPSearch|x64.Build.0 = NPSearch|x64
		{80340E65-3017-4820-A55F-7A5F6C6D176C}.NPSearch|x86.ActiveCfg = NPSearch|Any CPU
		{80340E65-3017-4820-A55F-7A5F6C6D176C}.NPSearch|x86.Build.0 = NPSearch|Any CPU
		{80340E65-3017-4820-A55F-7A5F6C6D176C}.nuget_release|Any CPU.ActiveCfg = nuget_release|Any CPU
		{80340E65-3017-4820-A55F-7A5F6C6D176C}.nuget_release|Any CPU.Build.0 = nuget_release|Any CPU
		{80340E65-3017-4820-A55F-7A5F6C6D176C}.nuget_release|x64.ActiveCfg = nuget_release|x64
		{80340E65-3017-4820-A55F-7A5F6C6D176C}.nuget_release|x64.Build.0 = nuget_release|x64
		{80340E65-3017-4820-A55F-7A5F6C6D176C}.nuget_release|x86.ActiveCfg = nuget_release|Any CPU
		{80340E65-3017-4820-A55F-7A5F6C6D176C}.nuget_release|x86.Build.0 = nuget_release|Any CPU
		{80340E65-3017-4820-A55F-7A5F6C6D176C}.PlantMAT|Any CPU.ActiveCfg = PlantMAT|Any CPU
		{80340E65-3017-4820-A55F-7A5F6C6D176C}.PlantMAT|Any CPU.Build.0 = PlantMAT|Any CPU
		{80340E65-3017-4820-A55F-7A5F6C6D176C}.PlantMAT|x64.ActiveCfg = PlantMAT|x64
		{80340E65-3017-4820-A55F-7A5F6C6D176C}.PlantMAT|x64.Build.0 = PlantMAT|x64
		{80340E65-3017-4820-A55F-7A5F6C6D176C}.PlantMAT|x86.ActiveCfg = PlantMAT|Any CPU
		{80340E65-3017-4820-A55F-7A5F6C6D176C}.PlantMAT|x86.Build.0 = PlantMAT|Any CPU
		{80340E65-3017-4820-A55F-7A5F6C6D176C}.Release|Any CPU.ActiveCfg = Release|Any CPU
		{80340E65-3017-4820-A55F-7A5F6C6D176C}.Release|Any CPU.Build.0 = Release|Any CPU
		{80340E65-3017-4820-A55F-7A5F6C6D176C}.Release|x64.ActiveCfg = Release|x64
		{80340E65-3017-4820-A55F-7A5F6C6D176C}.Release|x64.Build.0 = Release|x64
		{80340E65-3017-4820-A55F-7A5F6C6D176C}.Release|x86.ActiveCfg = Release|Any CPU
		{80340E65-3017-4820-A55F-7A5F6C6D176C}.Release|x86.Build.0 = Release|Any CPU
		{80340E65-3017-4820-A55F-7A5F6C6D176C}.Rsharp_app_release|Any CPU.ActiveCfg = Rsharp_app_release|Any CPU
		{80340E65-3017-4820-A55F-7A5F6C6D176C}.Rsharp_app_release|Any CPU.Build.0 = Rsharp_app_release|Any CPU
		{80340E65-3017-4820-A55F-7A5F6C6D176C}.Rsharp_app_release|x64.ActiveCfg = Rsharp_app_release|x64
		{80340E65-3017-4820-A55F-7A5F6C6D176C}.Rsharp_app_release|x64.Build.0 = Rsharp_app_release|x64
		{80340E65-3017-4820-A55F-7A5F6C6D176C}.Rsharp_app_release|x86.ActiveCfg = Rsharp_app_release|Any CPU
		{80340E65-3017-4820-A55F-7A5F6C6D176C}.Rsharp_app_release|x86.Build.0 = Rsharp_app_release|Any CPU
		{C337988A-4DDA-4657-BA58-D2ABEF7649B9}.CFD_win32|Any CPU.ActiveCfg = CFD_win32|Any CPU
		{C337988A-4DDA-4657-BA58-D2ABEF7649B9}.CFD_win32|Any CPU.Build.0 = CFD_win32|Any CPU
		{C337988A-4DDA-4657-BA58-D2ABEF7649B9}.CFD_win32|x64.ActiveCfg = CFD_win32|x64
		{C337988A-4DDA-4657-BA58-D2ABEF7649B9}.CFD_win32|x64.Build.0 = CFD_win32|x64
		{C337988A-4DDA-4657-BA58-D2ABEF7649B9}.CFD_win32|x86.ActiveCfg = CFD_win32|Any CPU
		{C337988A-4DDA-4657-BA58-D2ABEF7649B9}.CFD_win32|x86.Build.0 = CFD_win32|Any CPU
		{C337988A-4DDA-4657-BA58-D2ABEF7649B9}.Debug|Any CPU.ActiveCfg = Debug|Any CPU
		{C337988A-4DDA-4657-BA58-D2ABEF7649B9}.Debug|Any CPU.Build.0 = Debug|Any CPU
		{C337988A-4DDA-4657-BA58-D2ABEF7649B9}.Debug|x64.ActiveCfg = Debug|x64
		{C337988A-4DDA-4657-BA58-D2ABEF7649B9}.Debug|x64.Build.0 = Debug|x64
		{C337988A-4DDA-4657-BA58-D2ABEF7649B9}.Debug|x86.ActiveCfg = Debug|Any CPU
		{C337988A-4DDA-4657-BA58-D2ABEF7649B9}.Debug|x86.Build.0 = Debug|Any CPU
		{C337988A-4DDA-4657-BA58-D2ABEF7649B9}.Docker|Any CPU.ActiveCfg = Docker|Any CPU
		{C337988A-4DDA-4657-BA58-D2ABEF7649B9}.Docker|Any CPU.Build.0 = Docker|Any CPU
		{C337988A-4DDA-4657-BA58-D2ABEF7649B9}.Docker|x64.ActiveCfg = Docker|x64
		{C337988A-4DDA-4657-BA58-D2ABEF7649B9}.Docker|x64.Build.0 = Docker|x64
		{C337988A-4DDA-4657-BA58-D2ABEF7649B9}.Docker|x86.ActiveCfg = Docker|Any CPU
		{C337988A-4DDA-4657-BA58-D2ABEF7649B9}.Docker|x86.Build.0 = Docker|Any CPU
		{C337988A-4DDA-4657-BA58-D2ABEF7649B9}.gcmodeller_desktop|Any CPU.ActiveCfg = gcmodeller_desktop|Any CPU
		{C337988A-4DDA-4657-BA58-D2ABEF7649B9}.gcmodeller_desktop|Any CPU.Build.0 = gcmodeller_desktop|Any CPU
		{C337988A-4DDA-4657-BA58-D2ABEF7649B9}.gcmodeller_desktop|x64.ActiveCfg = gcmodeller_desktop|x64
		{C337988A-4DDA-4657-BA58-D2ABEF7649B9}.gcmodeller_desktop|x64.Build.0 = gcmodeller_desktop|x64
		{C337988A-4DDA-4657-BA58-D2ABEF7649B9}.gcmodeller_desktop|x86.ActiveCfg = gcmodeller_desktop|Any CPU
		{C337988A-4DDA-4657-BA58-D2ABEF7649B9}.gcmodeller_desktop|x86.Build.0 = gcmodeller_desktop|Any CPU
		{C337988A-4DDA-4657-BA58-D2ABEF7649B9}.LipidSearch|Any CPU.ActiveCfg = LipidSearch|Any CPU
		{C337988A-4DDA-4657-BA58-D2ABEF7649B9}.LipidSearch|Any CPU.Build.0 = LipidSearch|Any CPU
		{C337988A-4DDA-4657-BA58-D2ABEF7649B9}.LipidSearch|x64.ActiveCfg = LipidSearch|x64
		{C337988A-4DDA-4657-BA58-D2ABEF7649B9}.LipidSearch|x64.Build.0 = LipidSearch|x64
		{C337988A-4DDA-4657-BA58-D2ABEF7649B9}.LipidSearch|x86.ActiveCfg = LipidSearch|Any CPU
		{C337988A-4DDA-4657-BA58-D2ABEF7649B9}.LipidSearch|x86.Build.0 = LipidSearch|Any CPU
		{C337988A-4DDA-4657-BA58-D2ABEF7649B9}.mzkit_win32|Any CPU.ActiveCfg = mzkit_win32|Any CPU
		{C337988A-4DDA-4657-BA58-D2ABEF7649B9}.mzkit_win32|Any CPU.Build.0 = mzkit_win32|Any CPU
		{C337988A-4DDA-4657-BA58-D2ABEF7649B9}.mzkit_win32|x64.ActiveCfg = mzkit_win32|x64
		{C337988A-4DDA-4657-BA58-D2ABEF7649B9}.mzkit_win32|x64.Build.0 = mzkit_win32|x64
		{C337988A-4DDA-4657-BA58-D2ABEF7649B9}.mzkit_win32|x86.ActiveCfg = mzkit_win32|Any CPU
		{C337988A-4DDA-4657-BA58-D2ABEF7649B9}.mzkit_win32|x86.Build.0 = mzkit_win32|Any CPU
		{C337988A-4DDA-4657-BA58-D2ABEF7649B9}.mzkit|Any CPU.ActiveCfg = mzkit|Any CPU
		{C337988A-4DDA-4657-BA58-D2ABEF7649B9}.mzkit|Any CPU.Build.0 = mzkit|Any CPU
		{C337988A-4DDA-4657-BA58-D2ABEF7649B9}.mzkit|x64.ActiveCfg = mzkit|x64
		{C337988A-4DDA-4657-BA58-D2ABEF7649B9}.mzkit|x64.Build.0 = mzkit|x64
		{C337988A-4DDA-4657-BA58-D2ABEF7649B9}.mzkit|x86.ActiveCfg = mzkit|Any CPU
		{C337988A-4DDA-4657-BA58-D2ABEF7649B9}.mzkit|x86.Build.0 = mzkit|Any CPU
		{C337988A-4DDA-4657-BA58-D2ABEF7649B9}.NPSearch|Any CPU.ActiveCfg = NPSearch|Any CPU
		{C337988A-4DDA-4657-BA58-D2ABEF7649B9}.NPSearch|Any CPU.Build.0 = NPSearch|Any CPU
		{C337988A-4DDA-4657-BA58-D2ABEF7649B9}.NPSearch|x64.ActiveCfg = NPSearch|x64
		{C337988A-4DDA-4657-BA58-D2ABEF7649B9}.NPSearch|x64.Build.0 = NPSearch|x64
		{C337988A-4DDA-4657-BA58-D2ABEF7649B9}.NPSearch|x86.ActiveCfg = NPSearch|Any CPU
		{C337988A-4DDA-4657-BA58-D2ABEF7649B9}.NPSearch|x86.Build.0 = NPSearch|Any CPU
		{C337988A-4DDA-4657-BA58-D2ABEF7649B9}.nuget_release|Any CPU.ActiveCfg = nuget_release|Any CPU
		{C337988A-4DDA-4657-BA58-D2ABEF7649B9}.nuget_release|Any CPU.Build.0 = nuget_release|Any CPU
		{C337988A-4DDA-4657-BA58-D2ABEF7649B9}.nuget_release|x64.ActiveCfg = nuget_release|x64
		{C337988A-4DDA-4657-BA58-D2ABEF7649B9}.nuget_release|x64.Build.0 = nuget_release|x64
		{C337988A-4DDA-4657-BA58-D2ABEF7649B9}.nuget_release|x86.ActiveCfg = nuget_release|Any CPU
		{C337988A-4DDA-4657-BA58-D2ABEF7649B9}.nuget_release|x86.Build.0 = nuget_release|Any CPU
		{C337988A-4DDA-4657-BA58-D2ABEF7649B9}.PlantMAT|Any CPU.ActiveCfg = PlantMAT|Any CPU
		{C337988A-4DDA-4657-BA58-D2ABEF7649B9}.PlantMAT|Any CPU.Build.0 = PlantMAT|Any CPU
		{C337988A-4DDA-4657-BA58-D2ABEF7649B9}.PlantMAT|x64.ActiveCfg = PlantMAT|x64
		{C337988A-4DDA-4657-BA58-D2ABEF7649B9}.PlantMAT|x64.Build.0 = PlantMAT|x64
		{C337988A-4DDA-4657-BA58-D2ABEF7649B9}.PlantMAT|x86.ActiveCfg = PlantMAT|Any CPU
		{C337988A-4DDA-4657-BA58-D2ABEF7649B9}.PlantMAT|x86.Build.0 = PlantMAT|Any CPU
		{C337988A-4DDA-4657-BA58-D2ABEF7649B9}.Release|Any CPU.ActiveCfg = Release|Any CPU
		{C337988A-4DDA-4657-BA58-D2ABEF7649B9}.Release|Any CPU.Build.0 = Release|Any CPU
		{C337988A-4DDA-4657-BA58-D2ABEF7649B9}.Release|x64.ActiveCfg = Release|x64
		{C337988A-4DDA-4657-BA58-D2ABEF7649B9}.Release|x64.Build.0 = Release|x64
		{C337988A-4DDA-4657-BA58-D2ABEF7649B9}.Release|x86.ActiveCfg = Release|Any CPU
		{C337988A-4DDA-4657-BA58-D2ABEF7649B9}.Release|x86.Build.0 = Release|Any CPU
		{C337988A-4DDA-4657-BA58-D2ABEF7649B9}.Rsharp_app_release|Any CPU.ActiveCfg = Rsharp_app_release|Any CPU
		{C337988A-4DDA-4657-BA58-D2ABEF7649B9}.Rsharp_app_release|Any CPU.Build.0 = Rsharp_app_release|Any CPU
		{C337988A-4DDA-4657-BA58-D2ABEF7649B9}.Rsharp_app_release|x64.ActiveCfg = Rsharp_app_release|x64
		{C337988A-4DDA-4657-BA58-D2ABEF7649B9}.Rsharp_app_release|x64.Build.0 = Rsharp_app_release|x64
		{C337988A-4DDA-4657-BA58-D2ABEF7649B9}.Rsharp_app_release|x86.ActiveCfg = Rsharp_app_release|Any CPU
		{C337988A-4DDA-4657-BA58-D2ABEF7649B9}.Rsharp_app_release|x86.Build.0 = Rsharp_app_release|Any CPU
	EndGlobalSection
	GlobalSection(SolutionProperties) = preSolution
		HideSolutionNode = FALSE
	EndGlobalSection
	GlobalSection(NestedProjects) = preSolution
		{3B35B5F3-0292-4FBE-B8A1-231FC4DB8F59} = {92B24BDC-F879-4F1F-84EC-EF240E263BC2}
		{A62FF9B8-3FFD-4100-BA7C-046CDE3F9D54} = {90952430-781B-407A-8973-FB5933642144}
		{576D8244-1D72-495C-9853-B5EF6283F522} = {90952430-781B-407A-8973-FB5933642144}
		{62972FFF-D233-4808-8802-160595267DFD} = {B1B4BD64-A334-44E2-A761-CA506FAC85E6}
		{80340E65-3017-4820-A55F-7A5F6C6D176C} = {B1B4BD64-A334-44E2-A761-CA506FAC85E6}
		{C337988A-4DDA-4657-BA58-D2ABEF7649B9} = {B1B4BD64-A334-44E2-A761-CA506FAC85E6}
		{B1B4BD64-A334-44E2-A761-CA506FAC85E6} = {92B24BDC-F879-4F1F-84EC-EF240E263BC2}
		{90952430-781B-407A-8973-FB5933642144} = {92B24BDC-F879-4F1F-84EC-EF240E263BC2}
	EndGlobalSection
	GlobalSection(ExtensibilityGlobals) = postSolution
		SolutionGuid = {A8406D53-6391-4268-9980-2D624C589DCA}
	EndGlobalSection
EndGlobal
